
Microsoft Visual Studio Solution File, Format Version 12.00
# Visual Studio Version 16
VisualStudioVersion = 16.0.29905.134
MinimumVisualStudioVersion = 10.0.40219.1
Project("{FAE04EC0-301F-11D3-BF4B-00C04F79EFBC}") = "RemoteFileManager", "RemoteFileManager\RemoteFileManager.csproj", "{5C0CCFE8-4981-4458-BB24-F5C48BCB703F}"
EndProject
Global
	GlobalSection(SolutionConfigurationPlatforms) = preSolution
		Debug|Any CPU = Debug|Any CPU
		Release|Any CPU = Release|Any CPU
	EndGlobalSection
	GlobalSection(ProjectConfigurationPlatforms) = postSolution
		{5C0CCFE8-4981-4458-BB24-F5C48BCB703F}.Debug|Any CPU.ActiveCfg = Debug|Any CPU
		{5C0CCFE8-4981-4458-BB24-F5C48BCB703F}.Debug|Any CPU.Build.0 = Debug|Any CPU
		{5C0CCFE8-4981-4458-BB24-F5C48BCB703F}.Release|Any CPU.ActiveCfg = Release|Any CPU
		{5C0CCFE8-4981-4458-BB24-F5C48BCB703F}.Release|Any CPU.Build.0 = Release|Any CPU
	EndGlobalSection
	GlobalSection(SolutionProperties) = preSolution
		HideSolutionNode = FALSE
	EndGlobalSection
	GlobalSection(ExtensibilityGlobals) = postSolution
		SolutionGuid = {45870706-5F44-4D5D-A057-0315CFC63B01}
	EndGlobalSection
EndGlobal
