
Microsoft Visual Studio Solution File, Format Version 12.00
# Visual Studio Version 16
VisualStudioVersion = 16.0.29905.134
MinimumVisualStudioVersion = 10.0.40219.1
Project("{FAE04EC0-301F-11D3-BF4B-00C04F79EFBC}") = "RemoteFileManager", "RemoteFileManager\RemoteFileManager.csproj", "{5C0CCFE8-4981-4458-BB24-F5C48BCB703F}"
EndProject
Project("{FAE04EC0-301F-11D3-BF4B-00C04F79EFBC}") = "RemoteFileManager.ConsoleServer", "RemoteFileManager.ConsoleServer\RemoteFileManager.ConsoleServer.csproj", "{DBE3D747-0AD0-4CA6-82EE-51376D677008}"
EndProject
Project("{FAE04EC0-301F-11D3-BF4B-00C04F79EFBC}") = "RemoteFileManager.Service", "RemoteFileManager.Service\RemoteFileManager.Service.csproj", "{ECB0C77E-66AA-48F8-BD8E-277995F920D8}"
EndProject
Project("{FAE04EC0-301F-11D3-BF4B-00C04F79EFBC}") = "RemoteFileManager.Interfaces", "RemoteFileManager.Interfaces\RemoteFileManager.Interfaces.csproj", "{3AAAC6C0-0B74-4EEE-95D5-63839D92149B}"
EndProject
Project("{FAE04EC0-301F-11D3-BF4B-00C04F79EFBC}") = "ConfiguratedHost", "Hosts\ConfiguratedHost\ConfiguratedHost.csproj", "{6984A76D-8FA3-4FA3-B079-30056A6B8160}"
EndProject
Project("{2150E333-8FDC-42A3-9474-1A3956D46DE8}") = "Hosts", "Hosts", "{979F2F7F-8EEB-4FAE-AC5E-ECE41C99390F}"
EndProject
Project("{FAE04EC0-301F-11D3-BF4B-00C04F79EFBC}") = "ConfiguratedClient", "Clients\ConfiguratedClient\ConfiguratedClient.csproj", "{CDE38EDF-3E99-4C18-B4AC-60049FC9A8B0}"
EndProject
Global
	GlobalSection(SolutionConfigurationPlatforms) = preSolution
		Debug|Any CPU = Debug|Any CPU
		Release|Any CPU = Release|Any CPU
	EndGlobalSection
	GlobalSection(ProjectConfigurationPlatforms) = postSolution
		{5C0CCFE8-4981-4458-BB24-F5C48BCB703F}.Debug|Any CPU.ActiveCfg = Debug|Any CPU
		{5C0CCFE8-4981-4458-BB24-F5C48BCB703F}.Debug|Any CPU.Build.0 = Debug|Any CPU
		{5C0CCFE8-4981-4458-BB24-F5C48BCB703F}.Release|Any CPU.ActiveCfg = Release|Any CPU
		{5C0CCFE8-4981-4458-BB24-F5C48BCB703F}.Release|Any CPU.Build.0 = Release|Any CPU
		{DBE3D747-0AD0-4CA6-82EE-51376D677008}.Debug|Any CPU.ActiveCfg = Debug|Any CPU
		{DBE3D747-0AD0-4CA6-82EE-51376D677008}.Debug|Any CPU.Build.0 = Debug|Any CPU
		{DBE3D747-0AD0-4CA6-82EE-51376D677008}.Release|Any CPU.ActiveCfg = Release|Any CPU
		{DBE3D747-0AD0-4CA6-82EE-51376D677008}.Release|Any CPU.Build.0 = Release|Any CPU
		{ECB0C77E-66AA-48F8-BD8E-277995F920D8}.Debug|Any CPU.ActiveCfg = Debug|Any CPU
		{ECB0C77E-66AA-48F8-BD8E-277995F920D8}.Debug|Any CPU.Build.0 = Debug|Any CPU
		{ECB0C77E-66AA-48F8-BD8E-277995F920D8}.Release|Any CPU.ActiveCfg = Release|Any CPU
		{ECB0C77E-66AA-48F8-BD8E-277995F920D8}.Release|Any CPU.Build.0 = Release|Any CPU
		{3AAAC6C0-0B74-4EEE-95D5-63839D92149B}.Debug|Any CPU.ActiveCfg = Debug|Any CPU
		{3AAAC6C0-0B74-4EEE-95D5-63839D92149B}.Debug|Any CPU.Build.0 = Debug|Any CPU
		{3AAAC6C0-0B74-4EEE-95D5-63839D92149B}.Release|Any CPU.ActiveCfg = Release|Any CPU
		{3AAAC6C0-0B74-4EEE-95D5-63839D92149B}.Release|Any CPU.Build.0 = Release|Any CPU
		{6984A76D-8FA3-4FA3-B079-30056A6B8160}.Debug|Any CPU.ActiveCfg = Debug|Any CPU
		{6984A76D-8FA3-4FA3-B079-30056A6B8160}.Debug|Any CPU.Build.0 = Debug|Any CPU
		{6984A76D-8FA3-4FA3-B079-30056A6B8160}.Release|Any CPU.ActiveCfg = Release|Any CPU
		{6984A76D-8FA3-4FA3-B079-30056A6B8160}.Release|Any CPU.Build.0 = Release|Any CPU
		{CDE38EDF-3E99-4C18-B4AC-60049FC9A8B0}.Debug|Any CPU.ActiveCfg = Debug|Any CPU
		{CDE38EDF-3E99-4C18-B4AC-60049FC9A8B0}.Debug|Any CPU.Build.0 = Debug|Any CPU
		{CDE38EDF-3E99-4C18-B4AC-60049FC9A8B0}.Release|Any CPU.ActiveCfg = Release|Any CPU
		{CDE38EDF-3E99-4C18-B4AC-60049FC9A8B0}.Release|Any CPU.Build.0 = Release|Any CPU
	EndGlobalSection
	GlobalSection(SolutionProperties) = preSolution
		HideSolutionNode = FALSE
	EndGlobalSection
	GlobalSection(NestedProjects) = preSolution
		{6984A76D-8FA3-4FA3-B079-30056A6B8160} = {979F2F7F-8EEB-4FAE-AC5E-ECE41C99390F}
	EndGlobalSection
	GlobalSection(ExtensibilityGlobals) = postSolution
		SolutionGuid = {45870706-5F44-4D5D-A057-0315CFC63B01}
	EndGlobalSection
EndGlobal
